Microsoft Visual Studio Solution File, Format Version 12.00
# Visual Studio Version 17
VisualStudioVersion = 17.13.35828.75
MinimumVisualStudioVersion = 10.0.40219.1
Project("{FAE04EC0-301F-11D3-BF4B-00C04F79EFBC}") = "WordCloud.Api", "WordCloud.Api\WordCloud.Api.csproj", "{D21F5900-BB48-7478-0839-047F86A898D1}"
EndProject
Project("{FAE04EC0-301F-11D3-BF4B-00C04F79EFBC}") = "WordCloud.Test.Unit", "WordCloud.Test.Unit\WordCloud.Test.Unit.csproj", "{AFB775C5-3AC0-4A9C-BAFA-A3E1729E535B}"
EndProject
Global
	GlobalSection(SolutionConfigurationPlatforms) = preSolution
		Debug|Any CPU = Debug|Any CPU
		Release|Any CPU = Release|Any CPU
	EndGlobalSection
	GlobalSection(ProjectConfigurationPlatforms) = postSolution
		{D21F5900-BB48-7478-0839-047F86A898D1}.Debug|Any CPU.ActiveCfg = Debug|Any CPU
		{D21F5900-BB48-7478-0839-047F86A898D1}.Debug|Any CPU.Build.0 = Debug|Any CPU
		{D21F5900-BB48-7478-0839-047F86A898D1}.Release|Any CPU.ActiveCfg = Release|Any CPU
		{D21F5900-BB48-7478-0839-047F86A898D1}.Release|Any CPU.Build.0 = Release|Any CPU
		{AFB775C5-3AC0-4A9C-BAFA-A3E1729E535B}.Debug|Any CPU.ActiveCfg = Debug|Any CPU
		{AFB775C5-3AC0-4A9C-BAFA-A3E1729E535B}.Debug|Any CPU.Build.0 = Debug|Any CPU
		{AFB775C5-3AC0-4A9C-BAFA-A3E1729E535B}.Release|Any CPU.ActiveCfg = Release|Any CPU
		{AFB775C5-3AC0-4A9C-BAFA-A3E1729E535B}.Release|Any CPU.Build.0 = Release|Any CPU
	EndGlobalSection
	GlobalSection(SolutionProperties) = preSolution
		HideSolutionNode = FALSE
	EndGlobalSection
	GlobalSection(ExtensibilityGlobals) = postSolution
		SolutionGuid = {E8CE4AA3-2D68-4863-982E-7D10C552C475}
	EndGlobalSection
EndGlobal
